uuid: c0da92e7-8f4c-4f61-b691-0b714ca0b100
langcode: ru
status: true
dependencies:
  module:
    - anb_account
    - anb_base
    - system
    - user
  theme:
    - anb
third_party_settings:
  anb_base:
    has_container: 0
id: account_menu_block
theme: anb
region: top_content
weight: 0
provider: null
plugin: account_menu_block
settings:
  id: account_menu_block
  label: 'Меню личного кабинета'
  provider: anb_account
  label_display: '0'
visibility:
  request_path:
    id: request_path
    pages: "/user/settings\r\n/user/fuel-residues\r\n/user/fuel-transit"
    negate: false
  user_role:
    id: user_role
    roles:
      authenticated: authenticated
    negate: false
    context_mapping:
      user: '@user.current_user_context:current_user'
